PODS:
  - Expecta (0.2.3)
  - RKSupport/RKPathTemplate (1.0.0)
  - SEGRouter (0.1.0):
    - RKSupport/RKPathTemplate (~> 1.0)
  - Specta (0.2.1)

DEPENDENCIES:
  - Expecta
  - RKSupport/RKPathTemplate (from `https://github.com/RestKit/RKSupport`)
  - SEGRouter (from `../`)
  - Specta

EXTERNAL SOURCES:
  RKSupport:
    :git: https://github.com/RestKit/RKSupport
  SEGRouter:
    :path: ../

SPEC CHECKSUMS:
  Expecta: dbc4a27fabb853bdd2e907e33f11ee43a9a47d0c
  RKSupport: 162da690b0abf08d8f9e2b701f7a9fafd76a6e80
  SEGRouter: 7c208ca0c02e9bfbd117c6cc95cedc293a9a1c28
  Specta: 2d06220591110c6d9757d8be8ecf8e63aa40dc2a

COCOAPODS: 0.29.0
